{
  "name": "myapp",
  "version": "1.0.1",
  "lockfileVersion": 1,
  "requires": true,
  "dependencies": {
    "testmoduletorevertstring": {
      "version": "1.0.0",
      "resolved": "https://registry.npmjs.org/testmoduletorevertstring/-/testmoduletorevertstring-1.0.0.tgz",
      "integrity": "sha512-f0hdbw4idKP3ZMh3zhoAIWi0LmhsR1X7xQvf4GuHy/AWnx/82Tg+yiMn2S5wDsNufABQAJyP1AHTxgzhjhonhg=="
    }
  }
}
